{
	"name": "@kev-cli-dev/utils",
	"version": "1.0.4",
	"lockfileVersion": 1,
	"requires": true,
	"dependencies": {
		"cli-test-k": {
			"version": "1.1.1",
			"resolved": "https://registry.npmjs.org/cli-test-k/-/cli-test-k-1.1.1.tgz",
			"integrity": "sha512-F4eRh7Lsu4txsGDQQy2h58Pf7DvPKw846Fw6abgHofvdLVJQYs2D7h/gcpEIjwIHcw0MtFMJJptvReojwcu+Uw==",
			"requires": {
				"cli-test-k_lib": "^1.0.0"
			}
		},
		"cli-test-k_lib": {
			"version": "1.1.0",
			"resolved": "https://registry.npmjs.org/cli-test-k_lib/-/cli-test-k_lib-1.1.0.tgz",
			"integrity": "sha512-lIm4JsYWXnDSU27KoAwkcNDh0x0O8nt5DsjyZowD2I3ssTRlJYxeaCji+GMZmjJj4byjiGReSNENDJslc+3h9A=="
		}
	}
}
